
Microsoft Visual Studio Solution File, Format Version 12.00
# Visual Studio Version 16
VisualStudioVersion = 16.0.29324.140
MinimumVisualStudioVersion = 10.0.40219.1
Project("{9A19103F-16F7-4668-BE54-9A1E7A4F7556}") = "Lab5", "Lab5.csproj", "{ABD679D7-F4D9-480F-A699-C611120C1946}"
EndProject
Global
	GlobalSection(SolutionConfigurationPlatforms) = preSolution
		Debug|Any CPU = Debug|Any CPU
		Release|Any CPU = Release|Any CPU
	EndGlobalSection
	GlobalSection(ProjectConfigurationPlatforms) = postSolution
		{ABD679D7-F4D9-480F-A699-C611120C1946}.Debug|Any CPU.ActiveCfg = Debug|Any CPU
		{ABD679D7-F4D9-480F-A699-C611120C1946}.Debug|Any CPU.Build.0 = Debug|Any CPU
		{ABD679D7-F4D9-480F-A699-C611120C1946}.Release|Any CPU.ActiveCfg = Release|Any CPU
		{ABD679D7-F4D9-480F-A699-C611120C1946}.Release|Any CPU.Build.0 = Release|Any CPU
	EndGlobalSection
	GlobalSection(SolutionProperties) = preSolution
		HideSolutionNode = FALSE
	EndGlobalSection
	GlobalSection(ExtensibilityGlobals) = postSolution
		SolutionGuid = {466360D3-F87B-43D1-9C3F-AB8DE6E89BDA}
	EndGlobalSection
EndGlobal
